
Microsoft Visual Studio Solution File, Format Version 12.00
# Visual Studio Version 17
VisualStudioVersion = 17.13.35825.156 d17.13
MinimumVisualStudioVersion = 10.0.40219.1
Project("{FAE04EC0-301F-11D3-BF4B-00C04F79EFBC}") = "EHLİYET UYGUNLUĞU KONTROLÜ", "EHLİYET UYGUNLUĞU KONTROLÜ\EHLİYET UYGUNLUĞU KONTROLÜ.csproj", "{9EF26000-9CB4-47DA-B943-9C109C8430E4}"
EndProject
Global
	GlobalSection(SolutionConfigurationPlatforms) = preSolution
		Debug|Any CPU = Debug|Any CPU
		Release|Any CPU = Release|Any CPU
	EndGlobalSection
	GlobalSection(ProjectConfigurationPlatforms) = postSolution
		{9EF26000-9CB4-47DA-B943-9C109C8430E4}.Debug|Any CPU.ActiveCfg = Debug|Any CPU
		{9EF26000-9CB4-47DA-B943-9C109C8430E4}.Debug|Any CPU.Build.0 = Debug|Any CPU
		{9EF26000-9CB4-47DA-B943-9C109C8430E4}.Release|Any CPU.ActiveCfg = Release|Any CPU
		{9EF26000-9CB4-47DA-B943-9C109C8430E4}.Release|Any CPU.Build.0 = Release|Any CPU
	EndGlobalSection
	GlobalSection(SolutionProperties) = preSolution
		HideSolutionNode = FALSE
	EndGlobalSection
	GlobalSection(ExtensibilityGlobals) = postSolution
		SolutionGuid = {3698BD0A-A0B4-4716-9FD3-8C9275ADFE98}
	EndGlobalSection
EndGlobal
